
Microsoft Visual Studio Solution File, Format Version 12.00
# Visual Studio 15
VisualStudioVersion = 15.0.28010.2003
MinimumVisualStudioVersion = 10.0.40219.1
Project("{FAE04EC0-301F-11D3-BF4B-00C04F79EFBC}") = "DbExtensions", "src\DbExtensions\DbExtensions.csproj", "{00835184-82D5-4720-8750-F99A7209730A}"
EndProject
Project("{FAE04EC0-301F-11D3-BF4B-00C04F79EFBC}") = "Samples.App", "samples\App\Samples.App.csproj", "{20DE9193-FF9E-4DFB-AC8A-51DB07988366}"
EndProject
Project("{FAE04EC0-301F-11D3-BF4B-00C04F79EFBC}") = "Samples.CSharp", "samples\CSharp\Samples.CSharp.csproj", "{51847777-C71E-40C7-9E55-A94F508DB7BE}"
EndProject
Project("{F184B08F-C81C-45F6-A57F-5ABD9991F28F}") = "Samples.VisualBasic", "samples\VisualBasic\Samples.VisualBasic.vbproj", "{1DFDA809-54B7-44CD-98F6-877855898644}"
EndProject
Project("{F2A71F9B-5D33-465A-A702-920D77279786}") = "Samples.FSharp", "samples\FSharp\Samples.FSharp.fsproj", "{23BD1933-85EC-4705-B1DD-F9CCB5F10437}"
EndProject
Project("{FAE04EC0-301F-11D3-BF4B-00C04F79EFBC}") = "DbExtensions.Tests", "tests\DbExtensions.Tests\DbExtensions.Tests.csproj", "{602464F1-7A5E-47CF-B6A3-3CCAAC7036C6}"
EndProject
Project("{2150E333-8FDC-42A3-9474-1A3956D46DE8}") = "samples", "samples", "{F7B3DECC-E6A5-4697-A9E3-8D421BCF3C84}"
EndProject
Project("{FAE04EC0-301F-11D3-BF4B-00C04F79EFBC}") = "DbExtensions.SqlBuilder", "src\DbExtensions.SqlBuilder\DbExtensions.SqlBuilder.csproj", "{8FF5AACD-E8C4-483A-9B28-47C054B5F0F4}"
EndProject
Project("{2150E333-8FDC-42A3-9474-1A3956D46DE8}") = "src", "src", "{0796ED40-13E3-479B-BF86-4E451C52BA82}"
EndProject
Project("{2150E333-8FDC-42A3-9474-1A3956D46DE8}") = "tests", "tests", "{1AF1C3C3-0AAB-4DA4-824D-771D2CE41558}"
EndProject
Project("{FAE04EC0-301F-11D3-BF4B-00C04F79EFBC}") = "DbExtensions.SqlSet", "src\DbExtensions.SqlSet\DbExtensions.SqlSet.csproj", "{1FEA5F3E-4A62-4C61-A8B1-F6780B1B9D1F}"
EndProject
Project("{9A19103F-16F7-4668-BE54-9A1E7A4F7556}") = "DbExtensions.netcore", "src\DbExtensions.netcore\DbExtensions.netcore.csproj", "{A33C7593-7CBB-4452-B88C-87A235AD2F82}"
EndProject
Global
	GlobalSection(SolutionConfigurationPlatforms) = preSolution
		Debug|Any CPU = Debug|Any CPU
		Release|Any CPU = Release|Any CPU
	EndGlobalSection
	GlobalSection(ProjectConfigurationPlatforms) = postSolution
		{00835184-82D5-4720-8750-F99A7209730A}.Debug|Any CPU.ActiveCfg = Debug|Any CPU
		{00835184-82D5-4720-8750-F99A7209730A}.Debug|Any CPU.Build.0 = Debug|Any CPU
		{00835184-82D5-4720-8750-F99A7209730A}.Release|Any CPU.ActiveCfg = Release|Any CPU
		{00835184-82D5-4720-8750-F99A7209730A}.Release|Any CPU.Build.0 = Release|Any CPU
		{20DE9193-FF9E-4DFB-AC8A-51DB07988366}.Debug|Any CPU.ActiveCfg = Debug|Any CPU
		{20DE9193-FF9E-4DFB-AC8A-51DB07988366}.Debug|Any CPU.Build.0 = Debug|Any CPU
		{20DE9193-FF9E-4DFB-AC8A-51DB07988366}.Release|Any CPU.ActiveCfg = Release|Any CPU
		{20DE9193-FF9E-4DFB-AC8A-51DB07988366}.Release|Any CPU.Build.0 = Release|Any CPU
		{51847777-C71E-40C7-9E55-A94F508DB7BE}.Debug|Any CPU.ActiveCfg = Debug|Any CPU
		{51847777-C71E-40C7-9E55-A94F508DB7BE}.Debug|Any CPU.Build.0 = Debug|Any CPU
		{51847777-C71E-40C7-9E55-A94F508DB7BE}.Release|Any CPU.ActiveCfg = Release|Any CPU
		{51847777-C71E-40C7-9E55-A94F508DB7BE}.Release|Any CPU.Build.0 = Release|Any CPU
		{1DFDA809-54B7-44CD-98F6-877855898644}.Debug|Any CPU.ActiveCfg = Debug|Any CPU
		{1DFDA809-54B7-44CD-98F6-877855898644}.Debug|Any CPU.Build.0 = Debug|Any CPU
		{1DFDA809-54B7-44CD-98F6-877855898644}.Release|Any CPU.ActiveCfg = Release|Any CPU
		{1DFDA809-54B7-44CD-98F6-877855898644}.Release|Any CPU.Build.0 = Release|Any CPU
		{23BD1933-85EC-4705-B1DD-F9CCB5F10437}.Debug|Any CPU.ActiveCfg = Debug|Any CPU
		{23BD1933-85EC-4705-B1DD-F9CCB5F10437}.Debug|Any CPU.Build.0 = Debug|Any CPU
		{23BD1933-85EC-4705-B1DD-F9CCB5F10437}.Release|Any CPU.ActiveCfg = Release|Any CPU
		{23BD1933-85EC-4705-B1DD-F9CCB5F10437}.Release|Any CPU.Build.0 = Release|Any CPU
		{602464F1-7A5E-47CF-B6A3-3CCAAC7036C6}.Debug|Any CPU.ActiveCfg = Debug|Any CPU
		{602464F1-7A5E-47CF-B6A3-3CCAAC7036C6}.Debug|Any CPU.Build.0 = Debug|Any CPU
		{602464F1-7A5E-47CF-B6A3-3CCAAC7036C6}.Release|Any CPU.ActiveCfg = Release|Any CPU
		{602464F1-7A5E-47CF-B6A3-3CCAAC7036C6}.Release|Any CPU.Build.0 = Release|Any CPU
		{8FF5AACD-E8C4-483A-9B28-47C054B5F0F4}.Debug|Any CPU.ActiveCfg = Debug|Any CPU
		{8FF5AACD-E8C4-483A-9B28-47C054B5F0F4}.Debug|Any CPU.Build.0 = Debug|Any CPU
		{8FF5AACD-E8C4-483A-9B28-47C054B5F0F4}.Release|Any CPU.ActiveCfg = Release|Any CPU
		{8FF5AACD-E8C4-483A-9B28-47C054B5F0F4}.Release|Any CPU.Build.0 = Release|Any CPU
		{1FEA5F3E-4A62-4C61-A8B1-F6780B1B9D1F}.Debug|Any CPU.ActiveCfg = Debug|Any CPU
		{1FEA5F3E-4A62-4C61-A8B1-F6780B1B9D1F}.Debug|Any CPU.Build.0 = Debug|Any CPU
		{1FEA5F3E-4A62-4C61-A8B1-F6780B1B9D1F}.Release|Any CPU.ActiveCfg = Release|Any CPU
		{1FEA5F3E-4A62-4C61-A8B1-F6780B1B9D1F}.Release|Any CPU.Build.0 = Release|Any CPU
		{A33C7593-7CBB-4452-B88C-87A235AD2F82}.Debug|Any CPU.ActiveCfg = Debug|Any CPU
		{A33C7593-7CBB-4452-B88C-87A235AD2F82}.Debug|Any CPU.Build.0 = Debug|Any CPU
		{A33C7593-7CBB-4452-B88C-87A235AD2F82}.Release|Any CPU.ActiveCfg = Release|Any CPU
		{A33C7593-7CBB-4452-B88C-87A235AD2F82}.Release|Any CPU.Build.0 = Release|Any CPU
	EndGlobalSection
	GlobalSection(SolutionProperties) = preSolution
		HideSolutionNode = FALSE
	EndGlobalSection
	GlobalSection(NestedProjects) = preSolution
		{00835184-82D5-4720-8750-F99A7209730A} = {0796ED40-13E3-479B-BF86-4E451C52BA82}
		{20DE9193-FF9E-4DFB-AC8A-51DB07988366} = {F7B3DECC-E6A5-4697-A9E3-8D421BCF3C84}
		{51847777-C71E-40C7-9E55-A94F508DB7BE} = {F7B3DECC-E6A5-4697-A9E3-8D421BCF3C84}
		{1DFDA809-54B7-44CD-98F6-877855898644} = {F7B3DECC-E6A5-4697-A9E3-8D421BCF3C84}
		{23BD1933-85EC-4705-B1DD-F9CCB5F10437} = {F7B3DECC-E6A5-4697-A9E3-8D421BCF3C84}
		{602464F1-7A5E-47CF-B6A3-3CCAAC7036C6} = {1AF1C3C3-0AAB-4DA4-824D-771D2CE41558}
		{8FF5AACD-E8C4-483A-9B28-47C054B5F0F4} = {0796ED40-13E3-479B-BF86-4E451C52BA82}
		{1FEA5F3E-4A62-4C61-A8B1-F6780B1B9D1F} = {0796ED40-13E3-479B-BF86-4E451C52BA82}
		{A33C7593-7CBB-4452-B88C-87A235AD2F82} = {0796ED40-13E3-479B-BF86-4E451C52BA82}
	EndGlobalSection
	GlobalSection(ExtensibilityGlobals) = postSolution
		SolutionGuid = {EA24D927-CCB4-4542-A972-0D435D5CF0A0}
	EndGlobalSection
EndGlobal
