
Microsoft Visual Studio Solution File, Format Version 12.00
# Visual Studio Version 16
VisualStudioVersion = 16.0.31613.86
MinimumVisualStudioVersion = 10.0.40219.1
Project("{9A19103F-16F7-4668-BE54-9A1E7A4F7556}") = "DbExtensions", "src\DbExtensions\DbExtensions.csproj", "{0C0CB7A6-FDBA-49A0-8FA9-A35EFFFDE34D}"
EndProject
Project("{2150E333-8FDC-42A3-9474-1A3956D46DE8}") = "src", "src", "{0CD55BAA-00D6-4D14-AF01-B2ECC3F8E092}"
EndProject
Project("{2150E333-8FDC-42A3-9474-1A3956D46DE8}") = "tests", "tests", "{CDC6A939-6F5A-4CF5-ABDB-A2F87513A769}"
EndProject
Project("{9A19103F-16F7-4668-BE54-9A1E7A4F7556}") = "DbExtensions.Tests", "tests\DbExtensions.Tests\DbExtensions.Tests.csproj", "{ABB8412B-D292-4393-BB6D-F0241C41D198}"
EndProject
Project("{2150E333-8FDC-42A3-9474-1A3956D46DE8}") = "samples", "samples", "{A1718337-F793-499A-A4D1-5A6CF5F265DA}"
EndProject
Project("{9A19103F-16F7-4668-BE54-9A1E7A4F7556}") = "Samples.CSharp", "samples\CSharp\Samples.CSharp.csproj", "{CC01AB1C-A3CD-4E56-9AF0-8E4FD2000CE0}"
EndProject
Project("{778DAE3C-4631-46EA-AA77-85C1314464D9}") = "Samples.VisualBasic", "samples\VisualBasic\Samples.VisualBasic.vbproj", "{A37BCB48-123F-49D3-8A70-2F4002979A38}"
EndProject
Project("{6EC3EE1D-3C4E-46DD-8F32-0CC8E7565705}") = "Samples.FSharp", "samples\FSharp\Samples.FSharp.fsproj", "{F72C30AD-CC2B-4CBD-BE1B-EB8E3D265727}"
EndProject
Project("{9A19103F-16F7-4668-BE54-9A1E7A4F7556}") = "Samples.App", "samples\App\Samples.App.csproj", "{0ECA5137-1C9A-46BB-B5EB-ED87F0678FB4}"
EndProject
Project("{FAE04EC0-301F-11D3-BF4B-00C04F79EFBC}") = "DbExtensions.SqlBuilder", "src\DbExtensions.SqlBuilder\DbExtensions.SqlBuilder.csproj", "{07B53903-2EB1-4E69-98A2-84069197ADB2}"
EndProject
Project("{FAE04EC0-301F-11D3-BF4B-00C04F79EFBC}") = "DbExtensions.SqlSet", "src\DbExtensions.SqlSet\DbExtensions.SqlSet.csproj", "{75C3AEF3-213C-494A-97FA-D4DCA76FA94A}"
EndProject
Global
	GlobalSection(SolutionConfigurationPlatforms) = preSolution
		Debug|Any CPU = Debug|Any CPU
		Release|Any CPU = Release|Any CPU
	EndGlobalSection
	GlobalSection(ProjectConfigurationPlatforms) = postSolution
		{0C0CB7A6-FDBA-49A0-8FA9-A35EFFFDE34D}.Debug|Any CPU.ActiveCfg = Debug|Any CPU
		{0C0CB7A6-FDBA-49A0-8FA9-A35EFFFDE34D}.Debug|Any CPU.Build.0 = Debug|Any CPU
		{0C0CB7A6-FDBA-49A0-8FA9-A35EFFFDE34D}.Release|Any CPU.ActiveCfg = Release|Any CPU
		{0C0CB7A6-FDBA-49A0-8FA9-A35EFFFDE34D}.Release|Any CPU.Build.0 = Release|Any CPU
		{ABB8412B-D292-4393-BB6D-F0241C41D198}.Debug|Any CPU.ActiveCfg = Debug|Any CPU
		{ABB8412B-D292-4393-BB6D-F0241C41D198}.Debug|Any CPU.Build.0 = Debug|Any CPU
		{ABB8412B-D292-4393-BB6D-F0241C41D198}.Release|Any CPU.ActiveCfg = Release|Any CPU
		{ABB8412B-D292-4393-BB6D-F0241C41D198}.Release|Any CPU.Build.0 = Release|Any CPU
		{CC01AB1C-A3CD-4E56-9AF0-8E4FD2000CE0}.Debug|Any CPU.ActiveCfg = Debug|Any CPU
		{CC01AB1C-A3CD-4E56-9AF0-8E4FD2000CE0}.Debug|Any CPU.Build.0 = Debug|Any CPU
		{CC01AB1C-A3CD-4E56-9AF0-8E4FD2000CE0}.Release|Any CPU.ActiveCfg = Release|Any CPU
		{CC01AB1C-A3CD-4E56-9AF0-8E4FD2000CE0}.Release|Any CPU.Build.0 = Release|Any CPU
		{A37BCB48-123F-49D3-8A70-2F4002979A38}.Debug|Any CPU.ActiveCfg = Debug|Any CPU
		{A37BCB48-123F-49D3-8A70-2F4002979A38}.Debug|Any CPU.Build.0 = Debug|Any CPU
		{A37BCB48-123F-49D3-8A70-2F4002979A38}.Release|Any CPU.ActiveCfg = Release|Any CPU
		{A37BCB48-123F-49D3-8A70-2F4002979A38}.Release|Any CPU.Build.0 = Release|Any CPU
		{F72C30AD-CC2B-4CBD-BE1B-EB8E3D265727}.Debug|Any CPU.ActiveCfg = Debug|Any CPU
		{F72C30AD-CC2B-4CBD-BE1B-EB8E3D265727}.Debug|Any CPU.Build.0 = Debug|Any CPU
		{F72C30AD-CC2B-4CBD-BE1B-EB8E3D265727}.Release|Any CPU.ActiveCfg = Release|Any CPU
		{F72C30AD-CC2B-4CBD-BE1B-EB8E3D265727}.Release|Any CPU.Build.0 = Release|Any CPU
		{0ECA5137-1C9A-46BB-B5EB-ED87F0678FB4}.Debug|Any CPU.ActiveCfg = Debug|Any CPU
		{0ECA5137-1C9A-46BB-B5EB-ED87F0678FB4}.Debug|Any CPU.Build.0 = Debug|Any CPU
		{0ECA5137-1C9A-46BB-B5EB-ED87F0678FB4}.Release|Any CPU.ActiveCfg = Release|Any CPU
		{0ECA5137-1C9A-46BB-B5EB-ED87F0678FB4}.Release|Any CPU.Build.0 = Release|Any CPU
		{07B53903-2EB1-4E69-98A2-84069197ADB2}.Debug|Any CPU.ActiveCfg = Debug|Any CPU
		{07B53903-2EB1-4E69-98A2-84069197ADB2}.Debug|Any CPU.Build.0 = Debug|Any CPU
		{07B53903-2EB1-4E69-98A2-84069197ADB2}.Release|Any CPU.ActiveCfg = Release|Any CPU
		{07B53903-2EB1-4E69-98A2-84069197ADB2}.Release|Any CPU.Build.0 = Release|Any CPU
		{75C3AEF3-213C-494A-97FA-D4DCA76FA94A}.Debug|Any CPU.ActiveCfg = Debug|Any CPU
		{75C3AEF3-213C-494A-97FA-D4DCA76FA94A}.Debug|Any CPU.Build.0 = Debug|Any CPU
		{75C3AEF3-213C-494A-97FA-D4DCA76FA94A}.Release|Any CPU.ActiveCfg = Release|Any CPU
		{75C3AEF3-213C-494A-97FA-D4DCA76FA94A}.Release|Any CPU.Build.0 = Release|Any CPU
	EndGlobalSection
	GlobalSection(SolutionProperties) = preSolution
		HideSolutionNode = FALSE
	EndGlobalSection
	GlobalSection(NestedProjects) = preSolution
		{0C0CB7A6-FDBA-49A0-8FA9-A35EFFFDE34D} = {0CD55BAA-00D6-4D14-AF01-B2ECC3F8E092}
		{ABB8412B-D292-4393-BB6D-F0241C41D198} = {CDC6A939-6F5A-4CF5-ABDB-A2F87513A769}
		{CC01AB1C-A3CD-4E56-9AF0-8E4FD2000CE0} = {A1718337-F793-499A-A4D1-5A6CF5F265DA}
		{A37BCB48-123F-49D3-8A70-2F4002979A38} = {A1718337-F793-499A-A4D1-5A6CF5F265DA}
		{F72C30AD-CC2B-4CBD-BE1B-EB8E3D265727} = {A1718337-F793-499A-A4D1-5A6CF5F265DA}
		{0ECA5137-1C9A-46BB-B5EB-ED87F0678FB4} = {A1718337-F793-499A-A4D1-5A6CF5F265DA}
		{07B53903-2EB1-4E69-98A2-84069197ADB2} = {0CD55BAA-00D6-4D14-AF01-B2ECC3F8E092}
		{75C3AEF3-213C-494A-97FA-D4DCA76FA94A} = {0CD55BAA-00D6-4D14-AF01-B2ECC3F8E092}
	EndGlobalSection
	GlobalSection(ExtensibilityGlobals) = postSolution
		SolutionGuid = {96FE150F-41AE-4AB7-AA87-2B8D278F1FF3}
	EndGlobalSection
EndGlobal
